// !$*UTF8*$!
{
	archiveVersion = 1;
	classes = {
	};
	objectVersion = 46;
	objects = {

/* Begin PBXBuildFile section */
		2444E4E21E827A260078E1FB /* LineChartViewController.m in Sources */ = {isa = PBXBuildFile; fileRef = 2444E4E11E827A260078E1FB /* LineChartViewController.m */; };
		249B1DD21E793539007EED4E /* main.m in Sources */ = {isa = PBXBuildFile; fileRef = 249B1DD11E793539007EED4E /* main.m */; };
		249B1DD51E793539007EED4E /* AppDelegate.m in Sources */ = {isa = PBXBuildFile; fileRef = 249B1DD41E793539007EED4E /* AppDelegate.m */; };
		249B1DD81E793539007EED4E /* ViewController.m in Sources */ = {isa = PBXBuildFile; fileRef = 249B1DD71E793539007EED4E /* ViewController.m */; };
		249B1DDD1E793539007EED4E /* Assets.xcassets in Resources */ = {isa = PBXBuildFile; fileRef = 249B1DDC1E793539007EED4E /* Assets.xcassets */; };
		249B1DE01E793539007EED4E /* LaunchScreen.storyboard in Resources */ = {isa = PBXBuildFile; fileRef = 249B1DDE1E793539007EED4E /* LaunchScreen.storyboard */; };
		249B1DE91E793A61007EED4E /* HLWTableViewController.m in Sources */ = {isa = PBXBuildFile; fileRef = 249B1DE81E793A61007EED4E /* HLWTableViewController.m */; };
		249B1DEC1E793E9D007EED4E /* HLWLineChartView.m in Sources */ = {isa = PBXBuildFile; fileRef = 249B1DEB1E793E9D007EED4E /* HLWLineChartView.m */; };
/* End PBXBuildFile section */

/* Begin PBXFileReference section */
		2444E4E01E827A260078E1FB /* LineChartViewController.h */ = {isa = PBXFileReference; fileEncoding = 4; lastKnownFileType = sourcecode.c.h; path = LineChartViewController.h; sourceTree = "<group>"; };
		2444E4E11E827A260078E1FB /* LineChartViewController.m */ = {isa = PBXFileReference; fileEncoding = 4; lastKnownFileType = sourcecode.c.objc; path = LineChartViewController.m; sourceTree = "<group>"; };
		249B1DCD1E793539007EED4E /* LineChartView.app */ = {isa = PBXFileReference; explicitFileType = wrapper.application; includeInIndex = 0; path = LineChartView.app; sourceTree = BUILT_PRODUCTS_DIR; };
		249B1DD11E793539007EED4E /* main.m */ = {isa = PBXFileReference; lastKnownFileType = sourcecode.c.objc; path = main.m; sourceTree = "<group>"; };
		249B1DD31E793539007EED4E /* AppDelegate.h */ = {isa = PBXFileReference; lastKnownFileType = sourcecode.c.h; path = AppDelegate.h; sourceTree = "<group>"; };
		249B1DD41E793539007EED4E /* AppDelegate.m */ = {isa = PBXFileReference; lastKnownFileType = sourcecode.c.objc; path = AppDelegate.m; sourceTree = "<group>"; };
		249B1DD61E793539007EED4E /* ViewController.h */ = {isa = PBXFileReference; lastKnownFileType = sourcecode.c.h; path = ViewController.h; sourceTree = "<group>"; };
		249B1DD71E793539007EED4E /* ViewController.m */ = {isa = PBXFileReference; lastKnownFileType = sourcecode.c.objc; path = ViewController.m; sourceTree = "<group>"; };
		249B1DDC1E793539007EED4E /* Assets.xcassets */ = {isa = PBXFileReference; lastKnownFileType = folder.assetcatalog; path = Assets.xcassets; sourceTree = "<group>"; };
		249B1DDF1E793539007EED4E /* Base */ = {isa = PBXFileReference; lastKnownFileType = file.storyboard; name = Base; path = Base.lproj/LaunchScreen.storyboard; sourceTree = "<group>"; };
		249B1DE11E793539007EED4E /* Info.plist */ = {isa = PBXFileReference; lastKnownFileType = text.plist.xml; path = Info.plist; sourceTree = "<group>"; };
		249B1DE71E793A61007EED4E /* HLWTableViewController.h */ = {isa = PBXFileReference; fileEncoding = 4; lastKnownFileType = sourcecode.c.h; path = HLWTableViewController.h; sourceTree = "<group>"; };
		249B1DE81E793A61007EED4E /* HLWTableViewController.m */ = {isa = PBXFileReference; fileEncoding = 4; lastKnownFileType = sourcecode.c.objc; path = HLWTableViewController.m; sourceTree = "<group>"; };
		249B1DEA1E793E9D007EED4E /* HLWLineChartView.h */ = {isa = PBXFileReference; fileEncoding = 4; lastKnownFileType = sourcecode.c.h; path = HLWLineChartView.h; sourceTree = "<group>"; };
		249B1DEB1E793E9D007EED4E /* HLWLineChartView.m */ = {isa = PBXFileReference; fileEncoding = 4; lastKnownFileType = sourcecode.c.objc; path = HLWLineChartView.m; sourceTree = "<group>"; };
/* End PBXFileReference section */

/* Begin PBXFrameworksBuildPhase section */
		249B1DCA1E793539007EED4E /* Frameworks */ = {
			isa = PBXFrameworksBuildPhase;
			buildActionMask = 2147483647;
			files = (
			);
			runOnlyForDeploymentPostprocessing = 0;
		};
/* End PBXFrameworksBuildPhase section */

/* Begin PBXGroup section */
		249B1DC41E793539007EED4E = {
			isa = PBXGroup;
			children = (
				249B1DCF1E793539007EED4E /* LineChartView */,
				249B1DCE1E793539007EED4E /* Products */,
			);
			sourceTree = "<group>";
		};
		249B1DCE1E793539007EED4E /* Products */ = {
			isa = PBXGroup;
			children = (
				249B1DCD1E793539007EED4E /* LineChartView.app */,
			);
			name = Products;
			sourceTree = "<group>";
		};
		249B1DCF1E793539007EED4E /* LineChartView */ = {
			isa = PBXGroup;
			children = (
				249B1DD31E793539007EED4E /* AppDelegate.h */,
				249B1DD41E793539007EED4E /* AppDelegate.m */,
				249B1DE71E793A61007EED4E /* HLWTableViewController.h */,
				249B1DE81E793A61007EED4E /* HLWTableViewController.m */,
				249B1DD61E793539007EED4E /* ViewController.h */,
				249B1DD71E793539007EED4E /* ViewController.m */,
				2444E4E01E827A260078E1FB /* LineChartViewController.h */,
				2444E4E11E827A260078E1FB /* LineChartViewController.m */,
				249B1DEA1E793E9D007EED4E /* HLWLineChartView.h */,
				249B1DEB1E793E9D007EED4E /* HLWLineChartView.m */,
				249B1DDC1E793539007EED4E /* Assets.xcassets */,
				249B1DDE1E793539007EED4E /* LaunchScreen.storyboard */,
				249B1DE11E793539007EED4E /* Info.plist */,
				249B1DD01E793539007EED4E /* Supporting Files */,
			);
			path = LineChartView;
			sourceTree = "<group>";
		};
		249B1DD01E793539007EED4E /* Supporting Files */ = {
			isa = PBXGroup;
			children = (
				249B1DD11E793539007EED4E /* main.m */,
			);
			name = "Supporting Files";
			sourceTree = "<group>";
		};
/* End PBXGroup section */

/* Begin PBXNativeTarget section */
		249B1DCC1E793539007EED4E /* LineChartView */ = {
			isa = PBXNativeTarget;
			buildConfigurationList = 249B1DE41E793539007EED4E /* Build configuration list for PBXNativeTarget "LineChartView" */;
			buildPhases = (
				249B1DC91E793539007EED4E /* Sources */,
				249B1DCA1E793539007EED4E /* Frameworks */,
				249B1DCB1E793539007EED4E /* Resources */,
			);
			buildRules = (
			);
			dependencies = (
			);
			name = LineChartView;
			productName = LineChartView;
			productReference = 249B1DCD1E793539007EED4E /* LineChartView.app */;
			productType = "com.apple.product-type.application";
		};
/* End PBXNativeTarget section */

/* Begin PBXProject section */
		249B1DC51E793539007EED4E /* Project object */ = {
			isa = PBXProject;
			attributes = {
				LastUpgradeCheck = 0820;
				ORGANIZATIONNAME = tang;
				TargetAttributes = {
					249B1DCC1E793539007EED4E = {
						CreatedOnToolsVersion = 8.2.1;
						ProvisioningStyle = Automatic;
					};
				};
			};
			buildConfigurationList = 249B1DC81E793539007EED4E /* Build configuration list for PBXProject "LineChartView" */;
			compatibilityVersion = "Xcode 3.2";
			developmentRegion = English;
			hasScannedForEncodings = 0;
			knownRegions = (
				en,
				Base,
			);
			mainGroup = 249B1DC41E793539007EED4E;
			productRefGroup = 249B1DCE1E793539007EED4E /* Products */;
			projectDirPath = "";
			projectRoot = "";
			targets = (
				249B1DCC1E793539007EED4E /* LineChartView */,
			);
		};
/* End PBXProject section */

/* Begin PBXResourcesBuildPhase section */
		249B1DCB1E793539007EED4E /* Resources */ = {
			isa = PBXResourcesBuildPhase;
			buildActionMask = 2147483647;
			files = (
				249B1DE01E793539007EED4E /* LaunchScreen.storyboard in Resources */,
				249B1DDD1E793539007EED4E /* Assets.xcassets in Resources */,
			);
			runOnlyForDeploymentPostprocessing = 0;
		};
/* End PBXResourcesBuildPhase section */

/* Begin PBXSourcesBuildPhase section */
		249B1DC91E793539007EED4E /* Sources */ = {
			isa = PBXSourcesBuildPhase;
			buildActionMask = 2147483647;
			files = (
				249B1DEC1E793E9D007EED4E /* HLWLineChartView.m in Sources */,
				249B1DD81E793539007EED4E /* ViewController.m in Sources */,
				249B1DE91E793A61007EED4E /* HLWTableViewController.m in Sources */,
				249B1DD51E793539007EED4E /* AppDelegate.m in Sources */,
				249B1DD21E793539007EED4E /* main.m in Sources */,
				2444E4E21E827A260078E1FB /* LineChartViewController.m in Sources */,
			);
			runOnlyForDeploymentPostprocessing = 0;
		};
/* End PBXSourcesBuildPhase section */

/* Begin PBXVariantGroup section */
		249B1DDE1E793539007EED4E /* LaunchScreen.storyboard */ = {
			isa = PBXVariantGroup;
			children = (
				249B1DDF1E793539007EED4E /* Base */,
			);
			name = LaunchScreen.storyboard;
			sourceTree = "<group>";
		};
/* End PBXVariantGroup section */

/* Begin XCBuildConfiguration section */
		249B1DE21E793539007EED4E /* Debug */ = {
			isa = XCBuildConfiguration;
			buildSettings = {
				ALWAYS_SEARCH_USER_PATHS = NO;
				CLANG_ANALYZER_NONNULL = YES;
				CLANG_CXX_LANGUAGE_STANDARD = "gnu++0x";
				CLANG_CXX_LIBRARY = "libc++";
				CLANG_ENABLE_MODULES = YES;
				CLANG_ENABLE_OBJC_ARC = YES;
				CLANG_WARN_BOOL_CONVERSION = YES;
				CLANG_WARN_CONSTANT_CONVERSION = YES;
				CLANG_WARN_DIRECT_OBJC_ISA_USAGE = YES_ERROR;
				CLANG_WARN_DOCUMENTATION_COMMENTS = YES;
				CLANG_WARN_EMPTY_BODY = YES;
				CLANG_WARN_ENUM_CONVERSION = YES;
				CLANG_WARN_INFINITE_RECURSION = YES;
				CLANG_WARN_INT_CONVERSION = YES;
				CLANG_WARN_OBJC_ROOT_CLASS = YES_ERROR;
				CLANG_WARN_SUSPICIOUS_MOVE = YES;
				CLANG_WARN_UNREACHABLE_CODE = YES;
				CLANG_WARN__DUPLICATE_METHOD_MATCH = YES;
				"CODE_SIGN_IDENTITY[sdk=iphoneos*]" = "iPhone Developer";
				COPY_PHASE_STRIP = NO;
				DEBUG_INFORMATION_FORMAT = dwarf;
				ENABLE_STRICT_OBJC_MSGSEND = YES;
				ENABLE_TESTABILITY = YES;
				GCC_C_LANGUAGE_STANDARD = gnu99;
				GCC_DYNAMIC_NO_PIC = NO;
				GCC_NO_COMMON_BLOCKS = YES;
				GCC_OPTIMIZATION_LEVEL = 0;
				GCC_PREPROCESSOR_DEFINITIONS = (
					"DEBUG=1",
					"$(inherited)",
				);
				GCC_WARN_64_TO_32_BIT_CONVERSION = YES;
				GCC_WARN_ABOUT_RETURN_TYPE = YES_ERROR;
				GCC_WARN_UNDECLARED_SELECTOR = YES;
				GCC_WARN_UNINITIALIZED_AUTOS = YES_AGGRESSIVE;
				GCC_WARN_UNUSED_FUNCTION = YES;
				GCC_WARN_UNUSED_VARIABLE = YES;
				IPHONEOS_DEPLOYMENT_TARGET = 10.2;
				MTL_ENABLE_DEBUG_INFO = YES;
				ONLY_ACTIVE_ARCH = YES;
				SDKROOT = iphoneos;
			};
			name = Debug;
		};
		249B1DE31E793539007EED4E /* Release */ = {
			isa = XCBuildConfiguration;
			buildSettings = {
				ALWAYS_SEARCH_USER_PATHS = NO;
				CLANG_ANALYZER_NONNULL = YES;
				CLANG_CXX_LANGUAGE_STANDARD = "gnu++0x";
				CLANG_CXX_LIBRARY = "libc++";
				CLANG_ENABLE_MODULES = YES;
				CLANG_ENABLE_OBJC_ARC = YES;
				CLANG_WARN_BOOL_CONVERSION = YES;
				CLANG_WARN_CONSTANT_CONVERSION = YES;
				CLANG_WARN_DIRECT_OBJC_ISA_USAGE = YES_ERROR;
				CLANG_WARN_DOCUMENTATION_COMMENTS = YES;
				CLANG_WARN_EMPTY_BODY = YES;
				CLANG_WARN_ENUM_CONVERSION = YES;
				CLANG_WARN_INFINITE_RECURSION = YES;
				CLANG_WARN_INT_CONVERSION = YES;
				CLANG_WARN_OBJC_ROOT_CLASS = YES_ERROR;
				CLANG_WARN_SUSPICIOUS_MOVE = YES;
				CLANG_WARN_UNREACHABLE_CODE = YES;
				CLANG_WARN__DUPLICATE_METHOD_MATCH = YES;
				"CODE_SIGN_IDENTITY[sdk=iphoneos*]" = "iPhone Developer";
				COPY_PHASE_STRIP = NO;
				DEBUG_INFORMATION_FORMAT = "dwarf-with-dsym";
				ENABLE_NS_ASSERTIONS = NO;
				ENABLE_STRICT_OBJC_MSGSEND = YES;
				GCC_C_LANGUAGE_STANDARD = gnu99;
				GCC_NO_COMMON_BLOCKS = YES;
				GCC_WARN_64_TO_32_BIT_CONVERSION = YES;
				GCC_WARN_ABOUT_RETURN_TYPE = YES_ERROR;
				GCC_WARN_UNDECLARED_SELECTOR = YES;
				GCC_WARN_UNINITIALIZED_AUTOS = YES_AGGRESSIVE;
				GCC_WARN_UNUSED_FUNCTION = YES;
				GCC_WARN_UNUSED_VARIABLE = YES;
				IPHONEOS_DEPLOYMENT_TARGET = 10.2;
				MTL_ENABLE_DEBUG_INFO = NO;
				SDKROOT = iphoneos;
				VALIDATE_PRODUCT = YES;
			};
			name = Release;
		};
		249B1DE51E793539007EED4E /* Debug */ = {
			isa = XCBuildConfiguration;
			buildSettings = {
				ASSETCATALOG_COMPILER_APPICON_NAME = AppIcon;
				INFOPLIST_FILE = LineChartView/Info.plist;
				LD_RUNPATH_SEARCH_PATHS = "$(inherited) @executable_path/Frameworks";
				PRODUCT_BUNDLE_IDENTIFIER = zhld.LineChartView;
				PRODUCT_NAME = "$(TARGET_NAME)";
			};
			name = Debug;
		};
		249B1DE61E793539007EED4E /* Release */ = {
			isa = XCBuildConfiguration;
			buildSettings = {
				ASSETCATALOG_COMPILER_APPICON_NAME = AppIcon;
				INFOPLIST_FILE = LineChartView/Info.plist;
				LD_RUNPATH_SEARCH_PATHS = "$(inherited) @executable_path/Frameworks";
				PRODUCT_BUNDLE_IDENTIFIER = zhld.LineChartView;
				PRODUCT_NAME = "$(TARGET_NAME)";
			};
			name = Release;
		};
/* End XCBuildConfiguration section */

/* Begin XCConfigurationList section */
		249B1DC81E793539007EED4E /* Build configuration list for PBXProject "LineChartView" */ = {
			isa = XCConfigurationList;
			buildConfigurations = (
				249B1DE21E793539007EED4E /* Debug */,
				249B1DE31E793539007EED4E /* Release */,
			);
			defaultConfigurationIsVisible = 0;
			defaultConfigurationName = Release;
		};
		249B1DE41E793539007EED4E /* Build configuration list for PBXNativeTarget "LineChartView" */ = {
			isa = XCConfigurationList;
			buildConfigurations = (
				249B1DE51E793539007EED4E /* Debug */,
				249B1DE61E793539007EED4E /* Release */,
			);
			defaultConfigurationIsVisible = 0;
			defaultConfigurationName = Release;
		};
/* End XCConfigurationList section */
	};
	rootObject = 249B1DC51E793539007EED4E /* Project object */;
}
